
Microsoft Visual Studio Solution File, Format Version 12.00
# Visual Studio 15
VisualStudioVersion = 15.0.27428.2015
MinimumVisualStudioVersion = 10.0.40219.1
Project("{FAE04EC0-301F-11D3-BF4B-00C04F79EFBC}") = "MscrmTools.CrmTraceReader", "MscrmTools.CrmTraceReader\MscrmTools.CrmTraceReader.csproj", "{B32D25E1-6F68-4429-B4BC-7BA0A618D925}"
EndProject
Global
	GlobalSection(SolutionConfigurationPlatforms) = preSolution
		Debug|Any CPU = Debug|Any CPU
		Release|Any CPU = Release|Any CPU
	EndGlobalSection
	GlobalSection(ProjectConfigurationPlatforms) = postSolution
		{B32D25E1-6F68-4429-B4BC-7BA0A618D925}.Debug|Any CPU.ActiveCfg = Debug|Any CPU
		{B32D25E1-6F68-4429-B4BC-7BA0A618D925}.Debug|Any CPU.Build.0 = Debug|Any CPU
		{B32D25E1-6F68-4429-B4BC-7BA0A618D925}.Release|Any CPU.ActiveCfg = Release|Any CPU
		{B32D25E1-6F68-4429-B4BC-7BA0A618D925}.Release|Any CPU.Build.0 = Release|Any CPU
	EndGlobalSection
	GlobalSection(SolutionProperties) = preSolution
		HideSolutionNode = FALSE
	EndGlobalSection
	GlobalSection(ExtensibilityGlobals) = postSolution
		SolutionGuid = {1D661B91-F436-4B00-BE9D-93EFC2612E0A}
	EndGlobalSection
EndGlobal
